
Microsoft Visual Studio Solution File, Format Version 12.00
# Visual Studio Version 17
VisualStudioVersion = 17.3.32825.248
MinimumVisualStudioVersion = 10.0.40219.1
Project("{FAE04EC0-301F-11D3-BF4B-00C04F79EFBC}") = "ExerciseMyGame", "ExerciseMyGame\ExerciseMyGame.csproj", "{C163301B-0C99-445A-A37F-595F6F44850C}"
EndProject
Global
	GlobalSection(SolutionConfigurationPlatforms) = preSolution
		Debug|Any CPU = Debug|Any CPU
		Release|Any CPU = Release|Any CPU
	EndGlobalSection
	GlobalSection(ProjectConfigurationPlatforms) = postSolution
		{C163301B-0C99-445A-A37F-595F6F44850C}.Debug|Any CPU.ActiveCfg = Debug|Any CPU
		{C163301B-0C99-445A-A37F-595F6F44850C}.Debug|Any CPU.Build.0 = Debug|Any CPU
		{C163301B-0C99-445A-A37F-595F6F44850C}.Release|Any CPU.ActiveCfg = Release|Any CPU
		{C163301B-0C99-445A-A37F-595F6F44850C}.Release|Any CPU.Build.0 = Release|Any CPU
	EndGlobalSection
	GlobalSection(SolutionProperties) = preSolution
		HideSolutionNode = FALSE
	EndGlobalSection
	GlobalSection(ExtensibilityGlobals) = postSolution
		SolutionGuid = {51BC0522-4AC8-4F18-A546-178FF144F381}
	EndGlobalSection
EndGlobal
